
Microsoft Visual Studio Solution File, Format Version 12.00
# Visual Studio Version 16
VisualStudioVersion = 16.0.30002.166
MinimumVisualStudioVersion = 10.0.40219.1
Project("{8BC9CEB8-8B4A-11D0-8D11-00A0C91BC942}") = "task1", "task1\task1.vcxproj", "{1DBB7E31-C47D-4169-858F-FAF05D7FEA62}"
EndProject
Project("{8BC9CEB8-8B4A-11D0-8D11-00A0C91BC942}") = "task2", "task2\task2.vcxproj", "{D1812127-C2E0-464D-A676-8E53FC80B163}"
EndProject
Project("{8BC9CEB8-8B4A-11D0-8D11-00A0C91BC942}") = "task3", "task3\task3.vcxproj", "{D4A72B3B-B2DB-4853-995E-FAD16538D86F}"
EndProject
Project("{8BC9CEB8-8B4A-11D0-8D11-00A0C91BC942}") = "task4", "task4\task4.vcxproj", "{615AAB4A-913E-47EA-8E76-70FBFBE40CE2}"
EndProject
Project("{8BC9CEB8-8B4A-11D0-8D11-00A0C91BC942}") = "task5", "task5\task5.vcxproj", "{32763B1B-BB33-4D93-A28D-EFB6FE4C4156}"
EndProject
Project("{8BC9CEB8-8B4A-11D0-8D11-00A0C91BC942}") = "task6", "task6\task6.vcxproj", "{7B54F92A-788B-4632-AB9A-21ADAC435296}"
EndProject
Project("{8BC9CEB8-8B4A-11D0-8D11-00A0C91BC942}") = "task7", "task7\task7.vcxproj", "{691B4D0E-8464-47C6-9E9B-ADC67A68212E}"
EndProject
Project("{8BC9CEB8-8B4A-11D0-8D11-00A0C91BC942}") = "task8", "task8\task8.vcxproj", "{F91CB98C-A820-464A-8257-E5A6B85B6B3F}"
EndProject
Project("{8BC9CEB8-8B4A-11D0-8D11-00A0C91BC942}") = "task9", "task9\task9.vcxproj", "{296F3CFD-2260-4EB3-B34F-A56B3D5856C5}"
EndProject
Project("{8BC9CEB8-8B4A-11D0-8D11-00A0C91BC942}") = "task10", "task10\task10.vcxproj", "{75BF5A30-1796-4BBE-B8F7-182177B53967}"
EndProject
Global
	GlobalSection(SolutionConfigurationPlatforms) = preSolution
		Debug|x64 = Debug|x64
		Debug|x86 = Debug|x86
		Release|x64 = Release|x64
		Release|x86 = Release|x86
	EndGlobalSection
	GlobalSection(ProjectConfigurationPlatforms) = postSolution
		{1DBB7E31-C47D-4169-858F-FAF05D7FEA62}.Debug|x64.ActiveCfg = Debug|x64
		{1DBB7E31-C47D-4169-858F-FAF05D7FEA62}.Debug|x64.Build.0 = Debug|x64
		{1DBB7E31-C47D-4169-858F-FAF05D7FEA62}.Debug|x86.ActiveCfg = Debug|Win32
		{1DBB7E31-C47D-4169-858F-FAF05D7FEA62}.Debug|x86.Build.0 = Debug|Win32
		{1DBB7E31-C47D-4169-858F-FAF05D7FEA62}.Release|x64.ActiveCfg = Release|x64
		{1DBB7E31-C47D-4169-858F-FAF05D7FEA62}.Release|x64.Build.0 = Release|x64
		{1DBB7E31-C47D-4169-858F-FAF05D7FEA62}.Release|x86.ActiveCfg = Release|Win32
		{1DBB7E31-C47D-4169-858F-FAF05D7FEA62}.Release|x86.Build.0 = Release|Win32
		{D1812127-C2E0-464D-A676-8E53FC80B163}.Debug|x64.ActiveCfg = Debug|x64
		{D1812127-C2E0-464D-A676-8E53FC80B163}.Debug|x64.Build.0 = Debug|x64
		{D1812127-C2E0-464D-A676-8E53FC80B163}.Debug|x86.ActiveCfg = Debug|Win32
		{D1812127-C2E0-464D-A676-8E53FC80B163}.Debug|x86.Build.0 = Debug|Win32
		{D1812127-C2E0-464D-A676-8E53FC80B163}.Release|x64.ActiveCfg = Release|x64
		{D1812127-C2E0-464D-A676-8E53FC80B163}.Release|x64.Build.0 = Release|x64
		{D1812127-C2E0-464D-A676-8E53FC80B163}.Release|x86.ActiveCfg = Release|Win32
		{D1812127-C2E0-464D-A676-8E53FC80B163}.Release|x86.Build.0 = Release|Win32
		{D4A72B3B-B2DB-4853-995E-FAD16538D86F}.Debug|x64.ActiveCfg = Debug|x64
		{D4A72B3B-B2DB-4853-995E-FAD16538D86F}.Debug|x64.Build.0 = Debug|x64
		{D4A72B3B-B2DB-4853-995E-FAD16538D86F}.Debug|x86.ActiveCfg = Debug|Win32
		{D4A72B3B-B2DB-4853-995E-FAD16538D86F}.Debug|x86.Build.0 = Debug|Win32
		{D4A72B3B-B2DB-4853-995E-FAD16538D86F}.Release|x64.ActiveCfg = Release|x64
		{D4A72B3B-B2DB-4853-995E-FAD16538D86F}.Release|x64.Build.0 = Release|x64
		{D4A72B3B-B2DB-4853-995E-FAD16538D86F}.Release|x86.ActiveCfg = Release|Win32
		{D4A72B3B-B2DB-4853-995E-FAD16538D86F}.Release|x86.Build.0 = Release|Win32
		{615AAB4A-913E-47EA-8E76-70FBFBE40CE2}.Debug|x64.ActiveCfg = Debug|x64
		{615AAB4A-913E-47EA-8E76-70FBFBE40CE2}.Debug|x64.Build.0 = Debug|x64
		{615AAB4A-913E-47EA-8E76-70FBFBE40CE2}.Debug|x86.ActiveCfg = Debug|Win32
		{615AAB4A-913E-47EA-8E76-70FBFBE40CE2}.Debug|x86.Build.0 = Debug|Win32
		{615AAB4A-913E-47EA-8E76-70FBFBE40CE2}.Release|x64.ActiveCfg = Release|x64
		{615AAB4A-913E-47EA-8E76-70FBFBE40CE2}.Release|x64.Build.0 = Release|x64
		{615AAB4A-913E-47EA-8E76-70FBFBE40CE2}.Release|x86.ActiveCfg = Release|Win32
		{615AAB4A-913E-47EA-8E76-70FBFBE40CE2}.Release|x86.Build.0 = Release|Win32
		{32763B1B-BB33-4D93-A28D-EFB6FE4C4156}.Debug|x64.ActiveCfg = Debug|x64
		{32763B1B-BB33-4D93-A28D-EFB6FE4C4156}.Debug|x64.Build.0 = Debug|x64
		{32763B1B-BB33-4D93-A28D-EFB6FE4C4156}.Debug|x86.ActiveCfg = Debug|Win32
		{32763B1B-BB33-4D93-A28D-EFB6FE4C4156}.Debug|x86.Build.0 = Debug|Win32
		{32763B1B-BB33-4D93-A28D-EFB6FE4C4156}.Release|x64.ActiveCfg = Release|x64
		{32763B1B-BB33-4D93-A28D-EFB6FE4C4156}.Release|x64.Build.0 = Release|x64
		{32763B1B-BB33-4D93-A28D-EFB6FE4C4156}.Release|x86.ActiveCfg = Release|Win32
		{32763B1B-BB33-4D93-A28D-EFB6FE4C4156}.Release|x86.Build.0 = Release|Win32
		{7B54F92A-788B-4632-AB9A-21ADAC435296}.Debug|x64.ActiveCfg = Debug|x64
		{7B54F92A-788B-4632-AB9A-21ADAC435296}.Debug|x64.Build.0 = Debug|x64
		{7B54F92A-788B-4632-AB9A-21ADAC435296}.Debug|x86.ActiveCfg = Debug|Win32
		{7B54F92A-788B-4632-AB9A-21ADAC435296}.Debug|x86.Build.0 = Debug|Win32
		{7B54F92A-788B-4632-AB9A-21ADAC435296}.Release|x64.ActiveCfg = Release|x64
		{7B54F92A-788B-4632-AB9A-21ADAC435296}.Release|x64.Build.0 = Release|x64
		{7B54F92A-788B-4632-AB9A-21ADAC435296}.Release|x86.ActiveCfg = Release|Win32
		{7B54F92A-788B-4632-AB9A-21ADAC435296}.Release|x86.Build.0 = Release|Win32
		{691B4D0E-8464-47C6-9E9B-ADC67A68212E}.Debug|x64.ActiveCfg = Debug|x64
		{691B4D0E-8464-47C6-9E9B-ADC67A68212E}.Debug|x64.Build.0 = Debug|x64
		{691B4D0E-8464-47C6-9E9B-ADC67A68212E}.Debug|x86.ActiveCfg = Debug|Win32
		{691B4D0E-8464-47C6-9E9B-ADC67A68212E}.Debug|x86.Build.0 = Debug|Win32
		{691B4D0E-8464-47C6-9E9B-ADC67A68212E}.Release|x64.ActiveCfg = Release|x64
		{691B4D0E-8464-47C6-9E9B-ADC67A68212E}.Release|x64.Build.0 = Release|x64
		{691B4D0E-8464-47C6-9E9B-ADC67A68212E}.Release|x86.ActiveCfg = Release|Win32
		{691B4D0E-8464-47C6-9E9B-ADC67A68212E}.Release|x86.Build.0 = Release|Win32
		{F91CB98C-A820-464A-8257-E5A6B85B6B3F}.Debug|x64.ActiveCfg = Debug|x64
		{F91CB98C-A820-464A-8257-E5A6B85B6B3F}.Debug|x64.Build.0 = Debug|x64
		{F91CB98C-A820-464A-8257-E5A6B85B6B3F}.Debug|x86.ActiveCfg = Debug|Win32
		{F91CB98C-A820-464A-8257-E5A6B85B6B3F}.Debug|x86.Build.0 = Debug|Win32
		{F91CB98C-A820-464A-8257-E5A6B85B6B3F}.Release|x64.ActiveCfg = Release|x64
		{F91CB98C-A820-464A-8257-E5A6B85B6B3F}.Release|x64.Build.0 = Release|x64
		{F91CB98C-A820-464A-8257-E5A6B85B6B3F}.Release|x86.ActiveCfg = Release|Win32
		{F91CB98C-A820-464A-8257-E5A6B85B6B3F}.Release|x86.Build.0 = Release|Win32
		{296F3CFD-2260-4EB3-B34F-A56B3D5856C5}.Debug|x64.ActiveCfg = Debug|x64
		{296F3CFD-2260-4EB3-B34F-A56B3D5856C5}.Debug|x64.Build.0 = Debug|x64
		{296F3CFD-2260-4EB3-B34F-A56B3D5856C5}.Debug|x86.ActiveCfg = Debug|Win32
		{296F3CFD-2260-4EB3-B34F-A56B3D5856C5}.Debug|x86.Build.0 = Debug|Win32
		{296F3CFD-2260-4EB3-B34F-A56B3D5856C5}.Release|x64.ActiveCfg = Release|x64
		{296F3CFD-2260-4EB3-B34F-A56B3D5856C5}.Release|x64.Build.0 = Release|x64
		{296F3CFD-2260-4EB3-B34F-A56B3D5856C5}.Release|x86.ActiveCfg = Release|Win32
		{296F3CFD-2260-4EB3-B34F-A56B3D5856C5}.Release|x86.Build.0 = Release|Win32
		{75BF5A30-1796-4BBE-B8F7-182177B53967}.Debug|x64.ActiveCfg = Debug|x64
		{75BF5A30-1796-4BBE-B8F7-182177B53967}.Debug|x64.Build.0 = Debug|x64
		{75BF5A30-1796-4BBE-B8F7-182177B53967}.Debug|x86.ActiveCfg = Debug|Win32
		{75BF5A30-1796-4BBE-B8F7-182177B53967}.Debug|x86.Build.0 = Debug|Win32
		{75BF5A30-1796-4BBE-B8F7-182177B53967}.Release|x64.ActiveCfg = Release|x64
		{75BF5A30-1796-4BBE-B8F7-182177B53967}.Release|x64.Build.0 = Release|x64
		{75BF5A30-1796-4BBE-B8F7-182177B53967}.Release|x86.ActiveCfg = Release|Win32
		{75BF5A30-1796-4BBE-B8F7-182177B53967}.Release|x86.Build.0 = Release|Win32
	EndGlobalSection
	GlobalSection(SolutionProperties) = preSolution
		HideSolutionNode = FALSE
	EndGlobalSection
	GlobalSection(ExtensibilityGlobals) = postSolution
		SolutionGuid = {1E3D9025-AB00-4BE8-9607-02DFD2E31EED}
	EndGlobalSection
EndGlobal
